
Microsoft Visual Studio Solution File, Format Version 12.00
# Visual Studio Version 17
VisualStudioVersion = 17.1.32210.238
MinimumVisualStudioVersion = 10.0.40219.1
Project("{9A19103F-16F7-4668-BE54-9A1E7A4F7556}") = "BulkyBookWeb", "BulkyBookWeb\BulkyBookWeb.csproj", "{D760232F-6482-4304-9AC6-1DFC90BE0AAE}"
EndProject
Project("{9A19103F-16F7-4668-BE54-9A1E7A4F7556}") = "BulkyBook.DataAccess", "BulkyBook.DataAccess\BulkyBook.DataAccess.csproj", "{628236AF-5170-4D24-9E87-7FF4BE99A7F4}"
EndProject
Project("{9A19103F-16F7-4668-BE54-9A1E7A4F7556}") = "BulkyBook.Models", "BulkyBook.Models\BulkyBook.Models.csproj", "{CEF51662-934F-4AEA-A75A-6D68B8A941B9}"
EndProject
Project("{9A19103F-16F7-4668-BE54-9A1E7A4F7556}") = "BulkyBook.Utility", "BulkyBook.Utility\BulkyBook.Utility.csproj", "{259D5478-5595-4108-BF47-42285C3B7BF8}"
EndProject
Global
	GlobalSection(SolutionConfigurationPlatforms) = preSolution
		Debug|Any CPU = Debug|Any CPU
		Release|Any CPU = Release|Any CPU
	EndGlobalSection
	GlobalSection(ProjectConfigurationPlatforms) = postSolution
		{D760232F-6482-4304-9AC6-1DFC90BE0AAE}.Debug|Any CPU.ActiveCfg = Debug|Any CPU
		{D760232F-6482-4304-9AC6-1DFC90BE0AAE}.Debug|Any CPU.Build.0 = Debug|Any CPU
		{D760232F-6482-4304-9AC6-1DFC90BE0AAE}.Release|Any CPU.ActiveCfg = Release|Any CPU
		{D760232F-6482-4304-9AC6-1DFC90BE0AAE}.Release|Any CPU.Build.0 = Release|Any CPU
		{628236AF-5170-4D24-9E87-7FF4BE99A7F4}.Debug|Any CPU.ActiveCfg = Debug|Any CPU
		{628236AF-5170-4D24-9E87-7FF4BE99A7F4}.Debug|Any CPU.Build.0 = Debug|Any CPU
		{628236AF-5170-4D24-9E87-7FF4BE99A7F4}.Release|Any CPU.ActiveCfg = Release|Any CPU
		{628236AF-5170-4D24-9E87-7FF4BE99A7F4}.Release|Any CPU.Build.0 = Release|Any CPU
		{CEF51662-934F-4AEA-A75A-6D68B8A941B9}.Debug|Any CPU.ActiveCfg = Debug|Any CPU
		{CEF51662-934F-4AEA-A75A-6D68B8A941B9}.Debug|Any CPU.Build.0 = Debug|Any CPU
		{CEF51662-934F-4AEA-A75A-6D68B8A941B9}.Release|Any CPU.ActiveCfg = Release|Any CPU
		{CEF51662-934F-4AEA-A75A-6D68B8A941B9}.Release|Any CPU.Build.0 = Release|Any CPU
		{259D5478-5595-4108-BF47-42285C3B7BF8}.Debug|Any CPU.ActiveCfg = Debug|Any CPU
		{259D5478-5595-4108-BF47-42285C3B7BF8}.Debug|Any CPU.Build.0 = Debug|Any CPU
		{259D5478-5595-4108-BF47-42285C3B7BF8}.Release|Any CPU.ActiveCfg = Release|Any CPU
		{259D5478-5595-4108-BF47-42285C3B7BF8}.Release|Any CPU.Build.0 = Release|Any CPU
	EndGlobalSection
	GlobalSection(SolutionProperties) = preSolution
		HideSolutionNode = FALSE
	EndGlobalSection
	GlobalSection(ExtensibilityGlobals) = postSolution
		SolutionGuid = {857B1946-1C27-4DB9-8E6E-E95703A58C0F}
	EndGlobalSection
EndGlobal
